
Microsoft Visual Studio Solution File, Format Version 12.00
# Visual Studio Version 17
VisualStudioVersion = 17.8.34330.188
MinimumVisualStudioVersion = 10.0.40219.1
Project("{FAE04EC0-301F-11D3-BF4B-00C04F79EFBC}") = "sin-cos-tan-simulation", "sin-cos-tan-simulation\sin-cos-tan-simulation.csproj", "{E9C1444A-0C39-44E8-BA30-CDF38FE52C07}"
EndProject
Global
	GlobalSection(SolutionConfigurationPlatforms) = preSolution
		Debug|Any CPU = Debug|Any CPU
		Release|Any CPU = Release|Any CPU
	EndGlobalSection
	GlobalSection(ProjectConfigurationPlatforms) = postSolution
		{E9C1444A-0C39-44E8-BA30-CDF38FE52C07}.Debug|Any CPU.ActiveCfg = Debug|Any CPU
		{E9C1444A-0C39-44E8-BA30-CDF38FE52C07}.Debug|Any CPU.Build.0 = Debug|Any CPU
		{E9C1444A-0C39-44E8-BA30-CDF38FE52C07}.Release|Any CPU.ActiveCfg = Release|Any CPU
		{E9C1444A-0C39-44E8-BA30-CDF38FE52C07}.Release|Any CPU.Build.0 = Release|Any CPU
	EndGlobalSection
	GlobalSection(SolutionProperties) = preSolution
		HideSolutionNode = FALSE
	EndGlobalSection
	GlobalSection(ExtensibilityGlobals) = postSolution
		SolutionGuid = {ACD161F4-046E-4C6A-8F0E-E39B489CEF1C}
	EndGlobalSection
EndGlobal
